
Microsoft Visual Studio Solution File, Format Version 12.00
# Visual Studio Version 17
VisualStudioVersion = 17.4.33403.182
MinimumVisualStudioVersion = 10.0.40219.1
Project("{9A19103F-16F7-4668-BE54-9A1E7A4F7556}") = "SipBiteUnite", "SipBiteUnite\SipBiteUnite.csproj", "{99403E91-20DC-47B1-9000-91DD41C96C1A}"
EndProject
Project("{9A19103F-16F7-4668-BE54-9A1E7A4F7556}") = "DALSipBiteUnite", "DALSipBiteUnite\DALSipBiteUnite.csproj", "{B716A991-E154-451A-9543-EB43438BE5B0}"
EndProject
Project("{9A19103F-16F7-4668-BE54-9A1E7A4F7556}") = "BLLSipBiteUnite", "BLLSipBiteUnite\BLLSipBiteUnite.csproj", "{44547242-A8A1-4EB5-9BC1-EBD688471079}"
EndProject
Project("{9A19103F-16F7-4668-BE54-9A1E7A4F7556}") = "WPFSipBiteUnite", "WPFSipBiteUnite\WPFSipBiteUnite.csproj", "{8902A37E-4887-42EE-ABF5-E1F651821F56}"
EndProject
Project("{2150E333-8FDC-42A3-9474-1A3956D46DE8}") = "Solution Items", "Solution Items", "{A3039864-0FB7-43D3-9F92-F501CD001AD5}"
	ProjectSection(SolutionItems) = preProject
		.editorconfig = .editorconfig
	EndProjectSection
EndProject
Project("{FAE04EC0-301F-11D3-BF4B-00C04F79EFBC}") = "WPFSipBiteUniteTest", "WPFSIBBITEUNITTESTS\WPFSipBiteUniteTest.csproj", "{0F7C7433-8902-447A-A23D-BF07600645EE}"
EndProject
Project("{FAE04EC0-301F-11D3-BF4B-00C04F79EFBC}") = "4213", "4213\4213.csproj", "{27A9BA23-A421-46F9-A165-0D455C9D6748}"
EndProject
Global
	GlobalSection(SolutionConfigurationPlatforms) = preSolution
		Debug|Any CPU = Debug|Any CPU
		Release|Any CPU = Release|Any CPU
	EndGlobalSection
	GlobalSection(ProjectConfigurationPlatforms) = postSolution
		{99403E91-20DC-47B1-9000-91DD41C96C1A}.Debug|Any CPU.ActiveCfg = Debug|Any CPU
		{99403E91-20DC-47B1-9000-91DD41C96C1A}.Debug|Any CPU.Build.0 = Debug|Any CPU
		{99403E91-20DC-47B1-9000-91DD41C96C1A}.Release|Any CPU.ActiveCfg = Release|Any CPU
		{99403E91-20DC-47B1-9000-91DD41C96C1A}.Release|Any CPU.Build.0 = Release|Any CPU
		{B716A991-E154-451A-9543-EB43438BE5B0}.Debug|Any CPU.ActiveCfg = Debug|Any CPU
		{B716A991-E154-451A-9543-EB43438BE5B0}.Debug|Any CPU.Build.0 = Debug|Any CPU
		{B716A991-E154-451A-9543-EB43438BE5B0}.Release|Any CPU.ActiveCfg = Release|Any CPU
		{B716A991-E154-451A-9543-EB43438BE5B0}.Release|Any CPU.Build.0 = Release|Any CPU
		{44547242-A8A1-4EB5-9BC1-EBD688471079}.Debug|Any CPU.ActiveCfg = Debug|Any CPU
		{44547242-A8A1-4EB5-9BC1-EBD688471079}.Debug|Any CPU.Build.0 = Debug|Any CPU
		{44547242-A8A1-4EB5-9BC1-EBD688471079}.Release|Any CPU.ActiveCfg = Release|Any CPU
		{44547242-A8A1-4EB5-9BC1-EBD688471079}.Release|Any CPU.Build.0 = Release|Any CPU
		{8902A37E-4887-42EE-ABF5-E1F651821F56}.Debug|Any CPU.ActiveCfg = Debug|Any CPU
		{8902A37E-4887-42EE-ABF5-E1F651821F56}.Debug|Any CPU.Build.0 = Debug|Any CPU
		{8902A37E-4887-42EE-ABF5-E1F651821F56}.Release|Any CPU.ActiveCfg = Release|Any CPU
		{8902A37E-4887-42EE-ABF5-E1F651821F56}.Release|Any CPU.Build.0 = Release|Any CPU
		{0F7C7433-8902-447A-A23D-BF07600645EE}.Debug|Any CPU.ActiveCfg = Debug|Any CPU
		{0F7C7433-8902-447A-A23D-BF07600645EE}.Debug|Any CPU.Build.0 = Debug|Any CPU
		{0F7C7433-8902-447A-A23D-BF07600645EE}.Release|Any CPU.ActiveCfg = Release|Any CPU
		{0F7C7433-8902-447A-A23D-BF07600645EE}.Release|Any CPU.Build.0 = Release|Any CPU
		{27A9BA23-A421-46F9-A165-0D455C9D6748}.Debug|Any CPU.ActiveCfg = Debug|Any CPU
		{27A9BA23-A421-46F9-A165-0D455C9D6748}.Debug|Any CPU.Build.0 = Debug|Any CPU
		{27A9BA23-A421-46F9-A165-0D455C9D6748}.Release|Any CPU.ActiveCfg = Release|Any CPU
		{27A9BA23-A421-46F9-A165-0D455C9D6748}.Release|Any CPU.Build.0 = Release|Any CPU
	EndGlobalSection
	GlobalSection(SolutionProperties) = preSolution
		HideSolutionNode = FALSE
	EndGlobalSection
	GlobalSection(ExtensibilityGlobals) = postSolution
		SolutionGuid = {CEFE196A-952E-4DA1-ADE2-898C63AA2C0E}
	EndGlobalSection
EndGlobal
